
Microsoft Visual Studio Solution File, Format Version 12.00
# Visual Studio Version 16
VisualStudioVersion = 16.0.30114.105
MinimumVisualStudioVersion = 10.0.40219.1
Project("{FAE04EC0-301F-11D3-BF4B-00C04F79EFBC}") = "Lithnet.Laps.WebTests", "Lithnet.Laps.WebTests\Lithnet.Laps.WebTests.csproj", "{CF9A8FD1-D9D9-4DB7-9ED6-31300AD7DFF8}"
EndProject
Project("{9A19103F-16F7-4668-BE54-9A1E7A4F7556}") = "Lithnet.Laps.Web", "Lithnet.Laps.Web\Lithnet.Laps.Web.csproj", "{A7BADC85-D43B-498C-B55B-C0231644AC88}"
EndProject
Project("{2150E333-8FDC-42A3-9474-1A3956D46DE8}") = "Solution Items", "Solution Items", "{5436F418-3FBB-4453-84C6-1CF0B98B8AA5}"
	ProjectSection(SolutionItems) = preProject
		.editorconfig = .editorconfig
	EndProjectSection
EndProject
Project("{930C7802-8A8C-48F9-8165-68863BCCD9DD}") = "Lithnet.Laps.Web.Setup", "Lithnet.Laps.Web.Setup\Lithnet.Laps.Web.Setup.wixproj", "{39625153-BB10-4A05-8BBD-76A44918CAFF}"
EndProject
Global
	GlobalSection(SolutionConfigurationPlatforms) = preSolution
		Debug|Any CPU = Debug|Any CPU
		Debug|x64 = Debug|x64
		Debug|x86 = Debug|x86
		Dev|Any CPU = Dev|Any CPU
		Dev|x64 = Dev|x64
		Dev|x86 = Dev|x86
		Release|Any CPU = Release|Any CPU
		Release|x64 = Release|x64
		Release|x86 = Release|x86
	EndGlobalSection
	GlobalSection(ProjectConfigurationPlatforms) = postSolution
		{CF9A8FD1-D9D9-4DB7-9ED6-31300AD7DFF8}.Debug|Any CPU.ActiveCfg = Debug|Any CPU
		{CF9A8FD1-D9D9-4DB7-9ED6-31300AD7DFF8}.Debug|Any CPU.Build.0 = Debug|Any CPU
		{CF9A8FD1-D9D9-4DB7-9ED6-31300AD7DFF8}.Debug|x64.ActiveCfg = Debug|Any CPU
		{CF9A8FD1-D9D9-4DB7-9ED6-31300AD7DFF8}.Debug|x64.Build.0 = Debug|Any CPU
		{CF9A8FD1-D9D9-4DB7-9ED6-31300AD7DFF8}.Debug|x86.ActiveCfg = Debug|Any CPU
		{CF9A8FD1-D9D9-4DB7-9ED6-31300AD7DFF8}.Debug|x86.Build.0 = Debug|Any CPU
		{CF9A8FD1-D9D9-4DB7-9ED6-31300AD7DFF8}.Dev|Any CPU.ActiveCfg = Debug|Any CPU
		{CF9A8FD1-D9D9-4DB7-9ED6-31300AD7DFF8}.Dev|Any CPU.Build.0 = Debug|Any CPU
		{CF9A8FD1-D9D9-4DB7-9ED6-31300AD7DFF8}.Dev|x64.ActiveCfg = Debug|Any CPU
		{CF9A8FD1-D9D9-4DB7-9ED6-31300AD7DFF8}.Dev|x64.Build.0 = Debug|Any CPU
		{CF9A8FD1-D9D9-4DB7-9ED6-31300AD7DFF8}.Dev|x86.ActiveCfg = Debug|Any CPU
		{CF9A8FD1-D9D9-4DB7-9ED6-31300AD7DFF8}.Dev|x86.Build.0 = Debug|Any CPU
		{CF9A8FD1-D9D9-4DB7-9ED6-31300AD7DFF8}.Release|Any CPU.ActiveCfg = Release|Any CPU
		{CF9A8FD1-D9D9-4DB7-9ED6-31300AD7DFF8}.Release|Any CPU.Build.0 = Release|Any CPU
		{CF9A8FD1-D9D9-4DB7-9ED6-31300AD7DFF8}.Release|x64.ActiveCfg = Release|Any CPU
		{CF9A8FD1-D9D9-4DB7-9ED6-31300AD7DFF8}.Release|x64.Build.0 = Release|Any CPU
		{CF9A8FD1-D9D9-4DB7-9ED6-31300AD7DFF8}.Release|x86.ActiveCfg = Release|Any CPU
		{CF9A8FD1-D9D9-4DB7-9ED6-31300AD7DFF8}.Release|x86.Build.0 = Release|Any CPU
		{A7BADC85-D43B-498C-B55B-C0231644AC88}.Debug|Any CPU.ActiveCfg = Debug|Any CPU
		{A7BADC85-D43B-498C-B55B-C0231644AC88}.Debug|Any CPU.Build.0 = Debug|Any CPU
		{A7BADC85-D43B-498C-B55B-C0231644AC88}.Debug|x64.ActiveCfg = Debug|Any CPU
		{A7BADC85-D43B-498C-B55B-C0231644AC88}.Debug|x64.Build.0 = Debug|Any CPU
		{A7BADC85-D43B-498C-B55B-C0231644AC88}.Debug|x86.ActiveCfg = Debug|Any CPU
		{A7BADC85-D43B-498C-B55B-C0231644AC88}.Debug|x86.Build.0 = Debug|Any CPU
		{A7BADC85-D43B-498C-B55B-C0231644AC88}.Dev|Any CPU.ActiveCfg = Debug|Any CPU
		{A7BADC85-D43B-498C-B55B-C0231644AC88}.Dev|Any CPU.Build.0 = Debug|Any CPU
		{A7BADC85-D43B-498C-B55B-C0231644AC88}.Dev|x64.ActiveCfg = Debug|Any CPU
		{A7BADC85-D43B-498C-B55B-C0231644AC88}.Dev|x64.Build.0 = Debug|Any CPU
		{A7BADC85-D43B-498C-B55B-C0231644AC88}.Dev|x86.ActiveCfg = Debug|Any CPU
		{A7BADC85-D43B-498C-B55B-C0231644AC88}.Dev|x86.Build.0 = Debug|Any CPU
		{A7BADC85-D43B-498C-B55B-C0231644AC88}.Release|Any CPU.ActiveCfg = Release|Any CPU
		{A7BADC85-D43B-498C-B55B-C0231644AC88}.Release|Any CPU.Build.0 = Release|Any CPU
		{A7BADC85-D43B-498C-B55B-C0231644AC88}.Release|x64.ActiveCfg = Release|Any CPU
		{A7BADC85-D43B-498C-B55B-C0231644AC88}.Release|x64.Build.0 = Release|Any CPU
		{A7BADC85-D43B-498C-B55B-C0231644AC88}.Release|x86.ActiveCfg = Release|Any CPU
		{A7BADC85-D43B-498C-B55B-C0231644AC88}.Release|x86.Build.0 = Release|Any CPU
		{39625153-BB10-4A05-8BBD-76A44918CAFF}.Debug|Any CPU.ActiveCfg = Debug|x64
		{39625153-BB10-4A05-8BBD-76A44918CAFF}.Debug|x64.ActiveCfg = Debug|x64
		{39625153-BB10-4A05-8BBD-76A44918CAFF}.Debug|x64.Build.0 = Debug|x64
		{39625153-BB10-4A05-8BBD-76A44918CAFF}.Debug|x86.ActiveCfg = Debug|x64
		{39625153-BB10-4A05-8BBD-76A44918CAFF}.Dev|Any CPU.ActiveCfg = Release|x64
		{39625153-BB10-4A05-8BBD-76A44918CAFF}.Dev|Any CPU.Build.0 = Release|x64
		{39625153-BB10-4A05-8BBD-76A44918CAFF}.Dev|x64.ActiveCfg = Debug|x64
		{39625153-BB10-4A05-8BBD-76A44918CAFF}.Dev|x64.Build.0 = Debug|x64
		{39625153-BB10-4A05-8BBD-76A44918CAFF}.Dev|x86.ActiveCfg = Release|x64
		{39625153-BB10-4A05-8BBD-76A44918CAFF}.Dev|x86.Build.0 = Release|x64
		{39625153-BB10-4A05-8BBD-76A44918CAFF}.Release|Any CPU.ActiveCfg = Release|x64
		{39625153-BB10-4A05-8BBD-76A44918CAFF}.Release|x64.ActiveCfg = Release|x64
		{39625153-BB10-4A05-8BBD-76A44918CAFF}.Release|x64.Build.0 = Release|x64
		{39625153-BB10-4A05-8BBD-76A44918CAFF}.Release|x86.ActiveCfg = Release|x64
	EndGlobalSection
	GlobalSection(SolutionProperties) = preSolution
		HideSolutionNode = FALSE
	EndGlobalSection
	GlobalSection(ExtensibilityGlobals) = postSolution
		SolutionGuid = {9CD0854C-BB55-4ACD-9C02-7944A982D6B9}
	EndGlobalSection
EndGlobal
