
Microsoft Visual Studio Solution File, Format Version 12.00
# Visual Studio Version 16
VisualStudioVersion = 16.0.30114.105
MinimumVisualStudioVersion = 10.0.40219.1
Project("{9A19103F-16F7-4668-BE54-9A1E7A4F7556}") = "Lithnet.AccessManager.Service", "Lithnet.AccessManager.Service\Lithnet.AccessManager.Service.csproj", "{A7BADC85-D43B-498C-B55B-C0231644AC88}"
EndProject
Project("{2150E333-8FDC-42A3-9474-1A3956D46DE8}") = "Solution Items", "Solution Items", "{5436F418-3FBB-4453-84C6-1CF0B98B8AA5}"
	ProjectSection(SolutionItems) = preProject
		.editorconfig = .editorconfig
		action-core-build-agent.bat = action-core-build-agent.bat
		action-core-build-service.bat = action-core-build-service.bat
		action-do-pre-build.bat = action-do-pre-build.bat
		action-new-version.bat = action-new-version.bat
		build-agent.bat = build-agent.bat
		build-all-beta.bat = build-all-beta.bat
		build-all-ev.bat = build-all-ev.bat
		build-all.bat = build-all.bat
		build-service-beta.bat = build-service-beta.bat
		build-service.bat = build-service.bat
		version.txt = version.txt
	EndProjectSection
EndProject
Project("{9A19103F-16F7-4668-BE54-9A1E7A4F7556}") = "Lithnet.AccessManager.Test", "Lithnet.AccessManager.Test\Lithnet.AccessManager.Test.csproj", "{A0AD7464-968B-416F-A2F2-0C42778A5A32}"
EndProject
Project("{9A19103F-16F7-4668-BE54-9A1E7A4F7556}") = "Lithnet.AccessManager.Agent.Windows", "Lithnet.AccessManager.Agent.Windows\Lithnet.AccessManager.Agent.Windows.csproj", "{95B23EE9-2C33-4F83-993A-317E3EE92B6A}"
EndProject
Project("{9A19103F-16F7-4668-BE54-9A1E7A4F7556}") = "Lithnet.AccessManager", "Lithnet.AccessManager\Lithnet.AccessManager.csproj", "{71EFA88B-171C-4554-9CE4-F7F89E609A96}"
EndProject
Project("{9A19103F-16F7-4668-BE54-9A1E7A4F7556}") = "Lithnet.AccessManager.Server", "Lithnet.AccessManager.Server\Lithnet.AccessManager.Server.csproj", "{E12D6CFF-29C5-4EB2-8522-652EC1FEAAE6}"
EndProject
Project("{9A19103F-16F7-4668-BE54-9A1E7A4F7556}") = "Lithnet.AccessManager.Server.UI", "Lithnet.AccessManager.Server.UI\Lithnet.AccessManager.Server.UI.csproj", "{F02F1493-00EF-45E0-A1AD-6AD9E1C3761C}"
EndProject
Project("{9A19103F-16F7-4668-BE54-9A1E7A4F7556}") = "Lithnet.AccessManager.Server.Test", "Lithnet.AccessManager.Server.Test\Lithnet.AccessManager.Server.Test.csproj", "{E250293B-46EE-4B5A-BE10-24A54E054D74}"
EndProject
Project("{9A19103F-16F7-4668-BE54-9A1E7A4F7556}") = "Lithnet.AccessManager.Agent.Windows.Test", "Lithnet.AccessManager.Agent.Test\Lithnet.AccessManager.Agent.Windows.Test.csproj", "{1CD490CB-1E66-4AF6-9624-2EBFE61346C2}"
EndProject
Project("{9A19103F-16F7-4668-BE54-9A1E7A4F7556}") = "Lithnet.AccessManager.PowerShell", "Lithnet.AccessManager.PowerShell\Lithnet.AccessManager.PowerShell.csproj", "{C8E94E87-F4BC-4623-A72D-7DF376A2DAEC}"
EndProject
Project("{9A19103F-16F7-4668-BE54-9A1E7A4F7556}") = "Lithnet.AccessManager.PowerShell.Test", "Lithnet.AccessManager.PowerShell.Test\Lithnet.AccessManager.PowerShell.Test.csproj", "{22F8D82B-84B7-4D44-83AC-33BCB3B6EEBA}"
EndProject
Project("{9A19103F-16F7-4668-BE54-9A1E7A4F7556}") = "Lithnet.AccessManager.Api", "Lithnet.AccessManager.Api\Lithnet.AccessManager.Api.csproj", "{BDEAAD3A-E94B-422D-8E7E-4A6DE6F5341A}"
EndProject
Project("{9A19103F-16F7-4668-BE54-9A1E7A4F7556}") = "Lithnet.AccessManager.Api.Shared", "Lithnet.AccessManager.Api.Shared\Lithnet.AccessManager.Api.Shared.csproj", "{4058F825-4A8E-4CBC-AD8E-E8314A059372}"
EndProject
Project("{9A19103F-16F7-4668-BE54-9A1E7A4F7556}") = "Lithnet.AccessManager.Agent.Linux", "Lithnet.AccessManager.Agent.Linux\Lithnet.AccessManager.Agent.Linux.csproj", "{874AB632-68EF-443E-AB6B-3539EC148CA7}"
EndProject
Project("{9A19103F-16F7-4668-BE54-9A1E7A4F7556}") = "Lithnet.AccessManager.Agent.Shared", "Lithnet.AccessManager.Agent\Lithnet.AccessManager.Agent.Shared.csproj", "{AA97C981-EA06-4BA8-99CA-B93AADDEEF5A}"
EndProject
Project("{9A19103F-16F7-4668-BE54-9A1E7A4F7556}") = "Lithnet.AccessManager.Cryptography", "Lithnet.AccessManager.Cryptography\Lithnet.AccessManager.Cryptography.csproj", "{16DC6088-D29F-4D6E-8002-72CF52D1F621}"
EndProject
Project("{FAE04EC0-301F-11D3-BF4B-00C04F79EFBC}") = "Lithnet.AccessManager.Agent.Shared.Test", "Lithnet.AccessManager.Agent.Shared.Test\Lithnet.AccessManager.Agent.Shared.Test.csproj", "{9534049B-0A85-4DBD-BAEB-E599BF8F3261}"
EndProject
Global
	GlobalSection(SolutionConfigurationPlatforms) = preSolution
		All|Any CPU = All|Any CPU
		All|x64 = All|x64
		All|x86 = All|x86
		Debug|Any CPU = Debug|Any CPU
		Debug|x64 = Debug|x64
		Debug|x86 = Debug|x86
		Dev|Any CPU = Dev|Any CPU
		Dev|x64 = Dev|x64
		Dev|x86 = Dev|x86
		Release|Any CPU = Release|Any CPU
		Release|x64 = Release|x64
		Release|x86 = Release|x86
	EndGlobalSection
	GlobalSection(ProjectConfigurationPlatforms) = postSolution
		{A7BADC85-D43B-498C-B55B-C0231644AC88}.All|Any CPU.ActiveCfg = Release|Any CPU
		{A7BADC85-D43B-498C-B55B-C0231644AC88}.All|Any CPU.Build.0 = Release|Any CPU
		{A7BADC85-D43B-498C-B55B-C0231644AC88}.All|x64.ActiveCfg = Release|Any CPU
		{A7BADC85-D43B-498C-B55B-C0231644AC88}.All|x64.Build.0 = Release|Any CPU
		{A7BADC85-D43B-498C-B55B-C0231644AC88}.All|x86.ActiveCfg = Debug|Any CPU
		{A7BADC85-D43B-498C-B55B-C0231644AC88}.All|x86.Build.0 = Debug|Any CPU
		{A7BADC85-D43B-498C-B55B-C0231644AC88}.Debug|Any CPU.ActiveCfg = Debug|Any CPU
		{A7BADC85-D43B-498C-B55B-C0231644AC88}.Debug|Any CPU.Build.0 = Debug|Any CPU
		{A7BADC85-D43B-498C-B55B-C0231644AC88}.Debug|x64.ActiveCfg = Debug|Any CPU
		{A7BADC85-D43B-498C-B55B-C0231644AC88}.Debug|x64.Build.0 = Debug|Any CPU
		{A7BADC85-D43B-498C-B55B-C0231644AC88}.Debug|x86.ActiveCfg = Debug|Any CPU
		{A7BADC85-D43B-498C-B55B-C0231644AC88}.Debug|x86.Build.0 = Debug|Any CPU
		{A7BADC85-D43B-498C-B55B-C0231644AC88}.Dev|Any CPU.ActiveCfg = Debug|Any CPU
		{A7BADC85-D43B-498C-B55B-C0231644AC88}.Dev|Any CPU.Build.0 = Debug|Any CPU
		{A7BADC85-D43B-498C-B55B-C0231644AC88}.Dev|x64.ActiveCfg = Debug|Any CPU
		{A7BADC85-D43B-498C-B55B-C0231644AC88}.Dev|x64.Build.0 = Debug|Any CPU
		{A7BADC85-D43B-498C-B55B-C0231644AC88}.Dev|x86.ActiveCfg = Debug|Any CPU
		{A7BADC85-D43B-498C-B55B-C0231644AC88}.Dev|x86.Build.0 = Debug|Any CPU
		{A7BADC85-D43B-498C-B55B-C0231644AC88}.Release|Any CPU.ActiveCfg = Release|Any CPU
		{A7BADC85-D43B-498C-B55B-C0231644AC88}.Release|Any CPU.Build.0 = Release|Any CPU
		{A7BADC85-D43B-498C-B55B-C0231644AC88}.Release|x64.ActiveCfg = Release|Any CPU
		{A7BADC85-D43B-498C-B55B-C0231644AC88}.Release|x64.Build.0 = Release|Any CPU
		{A7BADC85-D43B-498C-B55B-C0231644AC88}.Release|x86.ActiveCfg = Release|Any CPU
		{A7BADC85-D43B-498C-B55B-C0231644AC88}.Release|x86.Build.0 = Release|Any CPU
		{A0AD7464-968B-416F-A2F2-0C42778A5A32}.All|Any CPU.ActiveCfg = Release|Any CPU
		{A0AD7464-968B-416F-A2F2-0C42778A5A32}.All|Any CPU.Build.0 = Release|Any CPU
		{A0AD7464-968B-416F-A2F2-0C42778A5A32}.All|x64.ActiveCfg = Release|Any CPU
		{A0AD7464-968B-416F-A2F2-0C42778A5A32}.All|x64.Build.0 = Release|Any CPU
		{A0AD7464-968B-416F-A2F2-0C42778A5A32}.All|x86.ActiveCfg = Debug|Any CPU
		{A0AD7464-968B-416F-A2F2-0C42778A5A32}.All|x86.Build.0 = Debug|Any CPU
		{A0AD7464-968B-416F-A2F2-0C42778A5A32}.Debug|Any CPU.ActiveCfg = Debug|Any CPU
		{A0AD7464-968B-416F-A2F2-0C42778A5A32}.Debug|Any CPU.Build.0 = Debug|Any CPU
		{A0AD7464-968B-416F-A2F2-0C42778A5A32}.Debug|x64.ActiveCfg = Debug|Any CPU
		{A0AD7464-968B-416F-A2F2-0C42778A5A32}.Debug|x64.Build.0 = Debug|Any CPU
		{A0AD7464-968B-416F-A2F2-0C42778A5A32}.Debug|x86.ActiveCfg = Debug|Any CPU
		{A0AD7464-968B-416F-A2F2-0C42778A5A32}.Debug|x86.Build.0 = Debug|Any CPU
		{A0AD7464-968B-416F-A2F2-0C42778A5A32}.Dev|Any CPU.ActiveCfg = Debug|Any CPU
		{A0AD7464-968B-416F-A2F2-0C42778A5A32}.Dev|Any CPU.Build.0 = Debug|Any CPU
		{A0AD7464-968B-416F-A2F2-0C42778A5A32}.Dev|x64.ActiveCfg = Debug|Any CPU
		{A0AD7464-968B-416F-A2F2-0C42778A5A32}.Dev|x64.Build.0 = Debug|Any CPU
		{A0AD7464-968B-416F-A2F2-0C42778A5A32}.Dev|x86.ActiveCfg = Debug|Any CPU
		{A0AD7464-968B-416F-A2F2-0C42778A5A32}.Dev|x86.Build.0 = Debug|Any CPU
		{A0AD7464-968B-416F-A2F2-0C42778A5A32}.Release|Any CPU.ActiveCfg = Release|Any CPU
		{A0AD7464-968B-416F-A2F2-0C42778A5A32}.Release|Any CPU.Build.0 = Release|Any CPU
		{A0AD7464-968B-416F-A2F2-0C42778A5A32}.Release|x64.ActiveCfg = Release|Any CPU
		{A0AD7464-968B-416F-A2F2-0C42778A5A32}.Release|x64.Build.0 = Release|Any CPU
		{A0AD7464-968B-416F-A2F2-0C42778A5A32}.Release|x86.ActiveCfg = Release|Any CPU
		{A0AD7464-968B-416F-A2F2-0C42778A5A32}.Release|x86.Build.0 = Release|Any CPU
		{95B23EE9-2C33-4F83-993A-317E3EE92B6A}.All|Any CPU.ActiveCfg = Release|Any CPU
		{95B23EE9-2C33-4F83-993A-317E3EE92B6A}.All|Any CPU.Build.0 = Release|Any CPU
		{95B23EE9-2C33-4F83-993A-317E3EE92B6A}.All|x64.ActiveCfg = Release|Any CPU
		{95B23EE9-2C33-4F83-993A-317E3EE92B6A}.All|x64.Build.0 = Release|Any CPU
		{95B23EE9-2C33-4F83-993A-317E3EE92B6A}.All|x86.ActiveCfg = Release|x86
		{95B23EE9-2C33-4F83-993A-317E3EE92B6A}.All|x86.Build.0 = Release|x86
		{95B23EE9-2C33-4F83-993A-317E3EE92B6A}.Debug|Any CPU.ActiveCfg = Debug|Any CPU
		{95B23EE9-2C33-4F83-993A-317E3EE92B6A}.Debug|Any CPU.Build.0 = Debug|Any CPU
		{95B23EE9-2C33-4F83-993A-317E3EE92B6A}.Debug|x64.ActiveCfg = Debug|Any CPU
		{95B23EE9-2C33-4F83-993A-317E3EE92B6A}.Debug|x64.Build.0 = Debug|Any CPU
		{95B23EE9-2C33-4F83-993A-317E3EE92B6A}.Debug|x86.ActiveCfg = Debug|x86
		{95B23EE9-2C33-4F83-993A-317E3EE92B6A}.Debug|x86.Build.0 = Debug|x86
		{95B23EE9-2C33-4F83-993A-317E3EE92B6A}.Dev|Any CPU.ActiveCfg = Debug|Any CPU
		{95B23EE9-2C33-4F83-993A-317E3EE92B6A}.Dev|Any CPU.Build.0 = Debug|Any CPU
		{95B23EE9-2C33-4F83-993A-317E3EE92B6A}.Dev|x64.ActiveCfg = Debug|Any CPU
		{95B23EE9-2C33-4F83-993A-317E3EE92B6A}.Dev|x64.Build.0 = Debug|Any CPU
		{95B23EE9-2C33-4F83-993A-317E3EE92B6A}.Dev|x86.ActiveCfg = Debug|Any CPU
		{95B23EE9-2C33-4F83-993A-317E3EE92B6A}.Dev|x86.Build.0 = Debug|Any CPU
		{95B23EE9-2C33-4F83-993A-317E3EE92B6A}.Release|Any CPU.ActiveCfg = Release|Any CPU
		{95B23EE9-2C33-4F83-993A-317E3EE92B6A}.Release|Any CPU.Build.0 = Release|Any CPU
		{95B23EE9-2C33-4F83-993A-317E3EE92B6A}.Release|x64.ActiveCfg = Release|Any CPU
		{95B23EE9-2C33-4F83-993A-317E3EE92B6A}.Release|x64.Build.0 = Release|Any CPU
		{95B23EE9-2C33-4F83-993A-317E3EE92B6A}.Release|x86.ActiveCfg = Release|Any CPU
		{95B23EE9-2C33-4F83-993A-317E3EE92B6A}.Release|x86.Build.0 = Release|Any CPU
		{71EFA88B-171C-4554-9CE4-F7F89E609A96}.All|Any CPU.ActiveCfg = Release|Any CPU
		{71EFA88B-171C-4554-9CE4-F7F89E609A96}.All|Any CPU.Build.0 = Release|Any CPU
		{71EFA88B-171C-4554-9CE4-F7F89E609A96}.All|x64.ActiveCfg = Release|Any CPU
		{71EFA88B-171C-4554-9CE4-F7F89E609A96}.All|x64.Build.0 = Release|Any CPU
		{71EFA88B-171C-4554-9CE4-F7F89E609A96}.All|x86.ActiveCfg = Debug|Any CPU
		{71EFA88B-171C-4554-9CE4-F7F89E609A96}.All|x86.Build.0 = Debug|Any CPU
		{71EFA88B-171C-4554-9CE4-F7F89E609A96}.Debug|Any CPU.ActiveCfg = Debug|Any CPU
		{71EFA88B-171C-4554-9CE4-F7F89E609A96}.Debug|Any CPU.Build.0 = Debug|Any CPU
		{71EFA88B-171C-4554-9CE4-F7F89E609A96}.Debug|x64.ActiveCfg = Debug|Any CPU
		{71EFA88B-171C-4554-9CE4-F7F89E609A96}.Debug|x64.Build.0 = Debug|Any CPU
		{71EFA88B-171C-4554-9CE4-F7F89E609A96}.Debug|x86.ActiveCfg = Debug|Any CPU
		{71EFA88B-171C-4554-9CE4-F7F89E609A96}.Debug|x86.Build.0 = Debug|Any CPU
		{71EFA88B-171C-4554-9CE4-F7F89E609A96}.Dev|Any CPU.ActiveCfg = Debug|Any CPU
		{71EFA88B-171C-4554-9CE4-F7F89E609A96}.Dev|Any CPU.Build.0 = Debug|Any CPU
		{71EFA88B-171C-4554-9CE4-F7F89E609A96}.Dev|x64.ActiveCfg = Debug|Any CPU
		{71EFA88B-171C-4554-9CE4-F7F89E609A96}.Dev|x64.Build.0 = Debug|Any CPU
		{71EFA88B-171C-4554-9CE4-F7F89E609A96}.Dev|x86.ActiveCfg = Debug|Any CPU
		{71EFA88B-171C-4554-9CE4-F7F89E609A96}.Dev|x86.Build.0 = Debug|Any CPU
		{71EFA88B-171C-4554-9CE4-F7F89E609A96}.Release|Any CPU.ActiveCfg = Release|Any CPU
		{71EFA88B-171C-4554-9CE4-F7F89E609A96}.Release|Any CPU.Build.0 = Release|Any CPU
		{71EFA88B-171C-4554-9CE4-F7F89E609A96}.Release|x64.ActiveCfg = Release|Any CPU
		{71EFA88B-171C-4554-9CE4-F7F89E609A96}.Release|x64.Build.0 = Release|Any CPU
		{71EFA88B-171C-4554-9CE4-F7F89E609A96}.Release|x86.ActiveCfg = Release|Any CPU
		{71EFA88B-171C-4554-9CE4-F7F89E609A96}.Release|x86.Build.0 = Release|Any CPU
		{E12D6CFF-29C5-4EB2-8522-652EC1FEAAE6}.All|Any CPU.ActiveCfg = Release|Any CPU
		{E12D6CFF-29C5-4EB2-8522-652EC1FEAAE6}.All|Any CPU.Build.0 = Release|Any CPU
		{E12D6CFF-29C5-4EB2-8522-652EC1FEAAE6}.All|x64.ActiveCfg = Release|Any CPU
		{E12D6CFF-29C5-4EB2-8522-652EC1FEAAE6}.All|x64.Build.0 = Release|Any CPU
		{E12D6CFF-29C5-4EB2-8522-652EC1FEAAE6}.All|x86.ActiveCfg = Debug|Any CPU
		{E12D6CFF-29C5-4EB2-8522-652EC1FEAAE6}.All|x86.Build.0 = Debug|Any CPU
		{E12D6CFF-29C5-4EB2-8522-652EC1FEAAE6}.Debug|Any CPU.ActiveCfg = Debug|Any CPU
		{E12D6CFF-29C5-4EB2-8522-652EC1FEAAE6}.Debug|Any CPU.Build.0 = Debug|Any CPU
		{E12D6CFF-29C5-4EB2-8522-652EC1FEAAE6}.Debug|x64.ActiveCfg = Debug|Any CPU
		{E12D6CFF-29C5-4EB2-8522-652EC1FEAAE6}.Debug|x64.Build.0 = Debug|Any CPU
		{E12D6CFF-29C5-4EB2-8522-652EC1FEAAE6}.Debug|x86.ActiveCfg = Debug|Any CPU
		{E12D6CFF-29C5-4EB2-8522-652EC1FEAAE6}.Debug|x86.Build.0 = Debug|Any CPU
		{E12D6CFF-29C5-4EB2-8522-652EC1FEAAE6}.Dev|Any CPU.ActiveCfg = Debug|Any CPU
		{E12D6CFF-29C5-4EB2-8522-652EC1FEAAE6}.Dev|Any CPU.Build.0 = Debug|Any CPU
		{E12D6CFF-29C5-4EB2-8522-652EC1FEAAE6}.Dev|x64.ActiveCfg = Debug|Any CPU
		{E12D6CFF-29C5-4EB2-8522-652EC1FEAAE6}.Dev|x64.Build.0 = Debug|Any CPU
		{E12D6CFF-29C5-4EB2-8522-652EC1FEAAE6}.Dev|x86.ActiveCfg = Debug|Any CPU
		{E12D6CFF-29C5-4EB2-8522-652EC1FEAAE6}.Dev|x86.Build.0 = Debug|Any CPU
		{E12D6CFF-29C5-4EB2-8522-652EC1FEAAE6}.Release|Any CPU.ActiveCfg = Release|Any CPU
		{E12D6CFF-29C5-4EB2-8522-652EC1FEAAE6}.Release|Any CPU.Build.0 = Release|Any CPU
		{E12D6CFF-29C5-4EB2-8522-652EC1FEAAE6}.Release|x64.ActiveCfg = Release|Any CPU
		{E12D6CFF-29C5-4EB2-8522-652EC1FEAAE6}.Release|x64.Build.0 = Release|Any CPU
		{E12D6CFF-29C5-4EB2-8522-652EC1FEAAE6}.Release|x86.ActiveCfg = Release|Any CPU
		{E12D6CFF-29C5-4EB2-8522-652EC1FEAAE6}.Release|x86.Build.0 = Release|Any CPU
		{F02F1493-00EF-45E0-A1AD-6AD9E1C3761C}.All|Any CPU.ActiveCfg = Release|Any CPU
		{F02F1493-00EF-45E0-A1AD-6AD9E1C3761C}.All|Any CPU.Build.0 = Release|Any CPU
		{F02F1493-00EF-45E0-A1AD-6AD9E1C3761C}.All|x64.ActiveCfg = Release|Any CPU
		{F02F1493-00EF-45E0-A1AD-6AD9E1C3761C}.All|x64.Build.0 = Release|Any CPU
		{F02F1493-00EF-45E0-A1AD-6AD9E1C3761C}.All|x86.ActiveCfg = Debug|Any CPU
		{F02F1493-00EF-45E0-A1AD-6AD9E1C3761C}.All|x86.Build.0 = Debug|Any CPU
		{F02F1493-00EF-45E0-A1AD-6AD9E1C3761C}.Debug|Any CPU.ActiveCfg = Debug|Any CPU
		{F02F1493-00EF-45E0-A1AD-6AD9E1C3761C}.Debug|Any CPU.Build.0 = Debug|Any CPU
		{F02F1493-00EF-45E0-A1AD-6AD9E1C3761C}.Debug|x64.ActiveCfg = Debug|Any CPU
		{F02F1493-00EF-45E0-A1AD-6AD9E1C3761C}.Debug|x64.Build.0 = Debug|Any CPU
		{F02F1493-00EF-45E0-A1AD-6AD9E1C3761C}.Debug|x86.ActiveCfg = Debug|Any CPU
		{F02F1493-00EF-45E0-A1AD-6AD9E1C3761C}.Debug|x86.Build.0 = Debug|Any CPU
		{F02F1493-00EF-45E0-A1AD-6AD9E1C3761C}.Dev|Any CPU.ActiveCfg = Debug|Any CPU
		{F02F1493-00EF-45E0-A1AD-6AD9E1C3761C}.Dev|Any CPU.Build.0 = Debug|Any CPU
		{F02F1493-00EF-45E0-A1AD-6AD9E1C3761C}.Dev|x64.ActiveCfg = Debug|Any CPU
		{F02F1493-00EF-45E0-A1AD-6AD9E1C3761C}.Dev|x64.Build.0 = Debug|Any CPU
		{F02F1493-00EF-45E0-A1AD-6AD9E1C3761C}.Dev|x86.ActiveCfg = Debug|Any CPU
		{F02F1493-00EF-45E0-A1AD-6AD9E1C3761C}.Dev|x86.Build.0 = Debug|Any CPU
		{F02F1493-00EF-45E0-A1AD-6AD9E1C3761C}.Release|Any CPU.ActiveCfg = Release|Any CPU
		{F02F1493-00EF-45E0-A1AD-6AD9E1C3761C}.Release|Any CPU.Build.0 = Release|Any CPU
		{F02F1493-00EF-45E0-A1AD-6AD9E1C3761C}.Release|x64.ActiveCfg = Release|Any CPU
		{F02F1493-00EF-45E0-A1AD-6AD9E1C3761C}.Release|x64.Build.0 = Release|Any CPU
		{F02F1493-00EF-45E0-A1AD-6AD9E1C3761C}.Release|x86.ActiveCfg = Release|Any CPU
		{F02F1493-00EF-45E0-A1AD-6AD9E1C3761C}.Release|x86.Build.0 = Release|Any CPU
		{E250293B-46EE-4B5A-BE10-24A54E054D74}.All|Any CPU.ActiveCfg = Release|Any CPU
		{E250293B-46EE-4B5A-BE10-24A54E054D74}.All|Any CPU.Build.0 = Release|Any CPU
		{E250293B-46EE-4B5A-BE10-24A54E054D74}.All|x64.ActiveCfg = Release|Any CPU
		{E250293B-46EE-4B5A-BE10-24A54E054D74}.All|x64.Build.0 = Release|Any CPU
		{E250293B-46EE-4B5A-BE10-24A54E054D74}.All|x86.ActiveCfg = Debug|Any CPU
		{E250293B-46EE-4B5A-BE10-24A54E054D74}.All|x86.Build.0 = Debug|Any CPU
		{E250293B-46EE-4B5A-BE10-24A54E054D74}.Debug|Any CPU.ActiveCfg = Debug|Any CPU
		{E250293B-46EE-4B5A-BE10-24A54E054D74}.Debug|Any CPU.Build.0 = Debug|Any CPU
		{E250293B-46EE-4B5A-BE10-24A54E054D74}.Debug|x64.ActiveCfg = Debug|Any CPU
		{E250293B-46EE-4B5A-BE10-24A54E054D74}.Debug|x64.Build.0 = Debug|Any CPU
		{E250293B-46EE-4B5A-BE10-24A54E054D74}.Debug|x86.ActiveCfg = Debug|Any CPU
		{E250293B-46EE-4B5A-BE10-24A54E054D74}.Debug|x86.Build.0 = Debug|Any CPU
		{E250293B-46EE-4B5A-BE10-24A54E054D74}.Dev|Any CPU.ActiveCfg = Debug|Any CPU
		{E250293B-46EE-4B5A-BE10-24A54E054D74}.Dev|Any CPU.Build.0 = Debug|Any CPU
		{E250293B-46EE-4B5A-BE10-24A54E054D74}.Dev|x64.ActiveCfg = Debug|Any CPU
		{E250293B-46EE-4B5A-BE10-24A54E054D74}.Dev|x64.Build.0 = Debug|Any CPU
		{E250293B-46EE-4B5A-BE10-24A54E054D74}.Dev|x86.ActiveCfg = Debug|Any CPU
		{E250293B-46EE-4B5A-BE10-24A54E054D74}.Dev|x86.Build.0 = Debug|Any CPU
		{E250293B-46EE-4B5A-BE10-24A54E054D74}.Release|Any CPU.ActiveCfg = Release|Any CPU
		{E250293B-46EE-4B5A-BE10-24A54E054D74}.Release|Any CPU.Build.0 = Release|Any CPU
		{E250293B-46EE-4B5A-BE10-24A54E054D74}.Release|x64.ActiveCfg = Release|Any CPU
		{E250293B-46EE-4B5A-BE10-24A54E054D74}.Release|x64.Build.0 = Release|Any CPU
		{E250293B-46EE-4B5A-BE10-24A54E054D74}.Release|x86.ActiveCfg = Release|Any CPU
		{E250293B-46EE-4B5A-BE10-24A54E054D74}.Release|x86.Build.0 = Release|Any CPU
		{1CD490CB-1E66-4AF6-9624-2EBFE61346C2}.All|Any CPU.ActiveCfg = Release|Any CPU
		{1CD490CB-1E66-4AF6-9624-2EBFE61346C2}.All|Any CPU.Build.0 = Release|Any CPU
		{1CD490CB-1E66-4AF6-9624-2EBFE61346C2}.All|x64.ActiveCfg = Release|Any CPU
		{1CD490CB-1E66-4AF6-9624-2EBFE61346C2}.All|x64.Build.0 = Release|Any CPU
		{1CD490CB-1E66-4AF6-9624-2EBFE61346C2}.All|x86.ActiveCfg = Debug|Any CPU
		{1CD490CB-1E66-4AF6-9624-2EBFE61346C2}.All|x86.Build.0 = Debug|Any CPU
		{1CD490CB-1E66-4AF6-9624-2EBFE61346C2}.Debug|Any CPU.ActiveCfg = Debug|Any CPU
		{1CD490CB-1E66-4AF6-9624-2EBFE61346C2}.Debug|Any CPU.Build.0 = Debug|Any CPU
		{1CD490CB-1E66-4AF6-9624-2EBFE61346C2}.Debug|x64.ActiveCfg = Debug|Any CPU
		{1CD490CB-1E66-4AF6-9624-2EBFE61346C2}.Debug|x64.Build.0 = Debug|Any CPU
		{1CD490CB-1E66-4AF6-9624-2EBFE61346C2}.Debug|x86.ActiveCfg = Debug|Any CPU
		{1CD490CB-1E66-4AF6-9624-2EBFE61346C2}.Debug|x86.Build.0 = Debug|Any CPU
		{1CD490CB-1E66-4AF6-9624-2EBFE61346C2}.Dev|Any CPU.ActiveCfg = Debug|Any CPU
		{1CD490CB-1E66-4AF6-9624-2EBFE61346C2}.Dev|Any CPU.Build.0 = Debug|Any CPU
		{1CD490CB-1E66-4AF6-9624-2EBFE61346C2}.Dev|x64.ActiveCfg = Debug|Any CPU
		{1CD490CB-1E66-4AF6-9624-2EBFE61346C2}.Dev|x64.Build.0 = Debug|Any CPU
		{1CD490CB-1E66-4AF6-9624-2EBFE61346C2}.Dev|x86.ActiveCfg = Debug|Any CPU
		{1CD490CB-1E66-4AF6-9624-2EBFE61346C2}.Dev|x86.Build.0 = Debug|Any CPU
		{1CD490CB-1E66-4AF6-9624-2EBFE61346C2}.Release|Any CPU.ActiveCfg = Release|Any CPU
		{1CD490CB-1E66-4AF6-9624-2EBFE61346C2}.Release|Any CPU.Build.0 = Release|Any CPU
		{1CD490CB-1E66-4AF6-9624-2EBFE61346C2}.Release|x64.ActiveCfg = Release|Any CPU
		{1CD490CB-1E66-4AF6-9624-2EBFE61346C2}.Release|x64.Build.0 = Release|Any CPU
		{1CD490CB-1E66-4AF6-9624-2EBFE61346C2}.Release|x86.ActiveCfg = Release|Any CPU
		{1CD490CB-1E66-4AF6-9624-2EBFE61346C2}.Release|x86.Build.0 = Release|Any CPU
		{C8E94E87-F4BC-4623-A72D-7DF376A2DAEC}.All|Any CPU.ActiveCfg = Debug|Any CPU
		{C8E94E87-F4BC-4623-A72D-7DF376A2DAEC}.All|Any CPU.Build.0 = Debug|Any CPU
		{C8E94E87-F4BC-4623-A72D-7DF376A2DAEC}.All|x64.ActiveCfg = Debug|Any CPU
		{C8E94E87-F4BC-4623-A72D-7DF376A2DAEC}.All|x64.Build.0 = Debug|Any CPU
		{C8E94E87-F4BC-4623-A72D-7DF376A2DAEC}.All|x86.ActiveCfg = Debug|Any CPU
		{C8E94E87-F4BC-4623-A72D-7DF376A2DAEC}.All|x86.Build.0 = Debug|Any CPU
		{C8E94E87-F4BC-4623-A72D-7DF376A2DAEC}.Debug|Any CPU.ActiveCfg = Debug|Any CPU
		{C8E94E87-F4BC-4623-A72D-7DF376A2DAEC}.Debug|Any CPU.Build.0 = Debug|Any CPU
		{C8E94E87-F4BC-4623-A72D-7DF376A2DAEC}.Debug|x64.ActiveCfg = Debug|Any CPU
		{C8E94E87-F4BC-4623-A72D-7DF376A2DAEC}.Debug|x64.Build.0 = Debug|Any CPU
		{C8E94E87-F4BC-4623-A72D-7DF376A2DAEC}.Debug|x86.ActiveCfg = Debug|Any CPU
		{C8E94E87-F4BC-4623-A72D-7DF376A2DAEC}.Debug|x86.Build.0 = Debug|Any CPU
		{C8E94E87-F4BC-4623-A72D-7DF376A2DAEC}.Dev|Any CPU.ActiveCfg = Debug|Any CPU
		{C8E94E87-F4BC-4623-A72D-7DF376A2DAEC}.Dev|Any CPU.Build.0 = Debug|Any CPU
		{C8E94E87-F4BC-4623-A72D-7DF376A2DAEC}.Dev|x64.ActiveCfg = Debug|Any CPU
		{C8E94E87-F4BC-4623-A72D-7DF376A2DAEC}.Dev|x64.Build.0 = Debug|Any CPU
		{C8E94E87-F4BC-4623-A72D-7DF376A2DAEC}.Dev|x86.ActiveCfg = Debug|Any CPU
		{C8E94E87-F4BC-4623-A72D-7DF376A2DAEC}.Dev|x86.Build.0 = Debug|Any CPU
		{C8E94E87-F4BC-4623-A72D-7DF376A2DAEC}.Release|Any CPU.ActiveCfg = Release|Any CPU
		{C8E94E87-F4BC-4623-A72D-7DF376A2DAEC}.Release|Any CPU.Build.0 = Release|Any CPU
		{C8E94E87-F4BC-4623-A72D-7DF376A2DAEC}.Release|x64.ActiveCfg = Release|Any CPU
		{C8E94E87-F4BC-4623-A72D-7DF376A2DAEC}.Release|x64.Build.0 = Release|Any CPU
		{C8E94E87-F4BC-4623-A72D-7DF376A2DAEC}.Release|x86.ActiveCfg = Release|Any CPU
		{C8E94E87-F4BC-4623-A72D-7DF376A2DAEC}.Release|x86.Build.0 = Release|Any CPU
		{22F8D82B-84B7-4D44-83AC-33BCB3B6EEBA}.All|Any CPU.ActiveCfg = Debug|Any CPU
		{22F8D82B-84B7-4D44-83AC-33BCB3B6EEBA}.All|Any CPU.Build.0 = Debug|Any CPU
		{22F8D82B-84B7-4D44-83AC-33BCB3B6EEBA}.All|x64.ActiveCfg = Debug|Any CPU
		{22F8D82B-84B7-4D44-83AC-33BCB3B6EEBA}.All|x64.Build.0 = Debug|Any CPU
		{22F8D82B-84B7-4D44-83AC-33BCB3B6EEBA}.All|x86.ActiveCfg = Debug|Any CPU
		{22F8D82B-84B7-4D44-83AC-33BCB3B6EEBA}.All|x86.Build.0 = Debug|Any CPU
		{22F8D82B-84B7-4D44-83AC-33BCB3B6EEBA}.Debug|Any CPU.ActiveCfg = Debug|Any CPU
		{22F8D82B-84B7-4D44-83AC-33BCB3B6EEBA}.Debug|Any CPU.Build.0 = Debug|Any CPU
		{22F8D82B-84B7-4D44-83AC-33BCB3B6EEBA}.Debug|x64.ActiveCfg = Debug|Any CPU
		{22F8D82B-84B7-4D44-83AC-33BCB3B6EEBA}.Debug|x64.Build.0 = Debug|Any CPU
		{22F8D82B-84B7-4D44-83AC-33BCB3B6EEBA}.Debug|x86.ActiveCfg = Debug|Any CPU
		{22F8D82B-84B7-4D44-83AC-33BCB3B6EEBA}.Debug|x86.Build.0 = Debug|Any CPU
		{22F8D82B-84B7-4D44-83AC-33BCB3B6EEBA}.Dev|Any CPU.ActiveCfg = Debug|Any CPU
		{22F8D82B-84B7-4D44-83AC-33BCB3B6EEBA}.Dev|Any CPU.Build.0 = Debug|Any CPU
		{22F8D82B-84B7-4D44-83AC-33BCB3B6EEBA}.Dev|x64.ActiveCfg = Debug|Any CPU
		{22F8D82B-84B7-4D44-83AC-33BCB3B6EEBA}.Dev|x64.Build.0 = Debug|Any CPU
		{22F8D82B-84B7-4D44-83AC-33BCB3B6EEBA}.Dev|x86.ActiveCfg = Debug|Any CPU
		{22F8D82B-84B7-4D44-83AC-33BCB3B6EEBA}.Dev|x86.Build.0 = Debug|Any CPU
		{22F8D82B-84B7-4D44-83AC-33BCB3B6EEBA}.Release|Any CPU.ActiveCfg = Release|Any CPU
		{22F8D82B-84B7-4D44-83AC-33BCB3B6EEBA}.Release|Any CPU.Build.0 = Release|Any CPU
		{22F8D82B-84B7-4D44-83AC-33BCB3B6EEBA}.Release|x64.ActiveCfg = Release|Any CPU
		{22F8D82B-84B7-4D44-83AC-33BCB3B6EEBA}.Release|x64.Build.0 = Release|Any CPU
		{22F8D82B-84B7-4D44-83AC-33BCB3B6EEBA}.Release|x86.ActiveCfg = Release|Any CPU
		{22F8D82B-84B7-4D44-83AC-33BCB3B6EEBA}.Release|x86.Build.0 = Release|Any CPU
		{BDEAAD3A-E94B-422D-8E7E-4A6DE6F5341A}.All|Any CPU.ActiveCfg = Debug|Any CPU
		{BDEAAD3A-E94B-422D-8E7E-4A6DE6F5341A}.All|Any CPU.Build.0 = Debug|Any CPU
		{BDEAAD3A-E94B-422D-8E7E-4A6DE6F5341A}.All|x64.ActiveCfg = Debug|Any CPU
		{BDEAAD3A-E94B-422D-8E7E-4A6DE6F5341A}.All|x64.Build.0 = Debug|Any CPU
		{BDEAAD3A-E94B-422D-8E7E-4A6DE6F5341A}.All|x86.ActiveCfg = Debug|Any CPU
		{BDEAAD3A-E94B-422D-8E7E-4A6DE6F5341A}.All|x86.Build.0 = Debug|Any CPU
		{BDEAAD3A-E94B-422D-8E7E-4A6DE6F5341A}.Debug|Any CPU.ActiveCfg = Debug|Any CPU
		{BDEAAD3A-E94B-422D-8E7E-4A6DE6F5341A}.Debug|Any CPU.Build.0 = Debug|Any CPU
		{BDEAAD3A-E94B-422D-8E7E-4A6DE6F5341A}.Debug|x64.ActiveCfg = Debug|Any CPU
		{BDEAAD3A-E94B-422D-8E7E-4A6DE6F5341A}.Debug|x64.Build.0 = Debug|Any CPU
		{BDEAAD3A-E94B-422D-8E7E-4A6DE6F5341A}.Debug|x86.ActiveCfg = Debug|Any CPU
		{BDEAAD3A-E94B-422D-8E7E-4A6DE6F5341A}.Debug|x86.Build.0 = Debug|Any CPU
		{BDEAAD3A-E94B-422D-8E7E-4A6DE6F5341A}.Dev|Any CPU.ActiveCfg = Debug|Any CPU
		{BDEAAD3A-E94B-422D-8E7E-4A6DE6F5341A}.Dev|Any CPU.Build.0 = Debug|Any CPU
		{BDEAAD3A-E94B-422D-8E7E-4A6DE6F5341A}.Dev|x64.ActiveCfg = Debug|Any CPU
		{BDEAAD3A-E94B-422D-8E7E-4A6DE6F5341A}.Dev|x64.Build.0 = Debug|Any CPU
		{BDEAAD3A-E94B-422D-8E7E-4A6DE6F5341A}.Dev|x86.ActiveCfg = Debug|Any CPU
		{BDEAAD3A-E94B-422D-8E7E-4A6DE6F5341A}.Dev|x86.Build.0 = Debug|Any CPU
		{BDEAAD3A-E94B-422D-8E7E-4A6DE6F5341A}.Release|Any CPU.ActiveCfg = Release|Any CPU
		{BDEAAD3A-E94B-422D-8E7E-4A6DE6F5341A}.Release|Any CPU.Build.0 = Release|Any CPU
		{BDEAAD3A-E94B-422D-8E7E-4A6DE6F5341A}.Release|x64.ActiveCfg = Release|Any CPU
		{BDEAAD3A-E94B-422D-8E7E-4A6DE6F5341A}.Release|x64.Build.0 = Release|Any CPU
		{BDEAAD3A-E94B-422D-8E7E-4A6DE6F5341A}.Release|x86.ActiveCfg = Release|Any CPU
		{BDEAAD3A-E94B-422D-8E7E-4A6DE6F5341A}.Release|x86.Build.0 = Release|Any CPU
		{4058F825-4A8E-4CBC-AD8E-E8314A059372}.All|Any CPU.ActiveCfg = Debug|Any CPU
		{4058F825-4A8E-4CBC-AD8E-E8314A059372}.All|Any CPU.Build.0 = Debug|Any CPU
		{4058F825-4A8E-4CBC-AD8E-E8314A059372}.All|x64.ActiveCfg = Debug|Any CPU
		{4058F825-4A8E-4CBC-AD8E-E8314A059372}.All|x64.Build.0 = Debug|Any CPU
		{4058F825-4A8E-4CBC-AD8E-E8314A059372}.All|x86.ActiveCfg = Debug|Any CPU
		{4058F825-4A8E-4CBC-AD8E-E8314A059372}.All|x86.Build.0 = Debug|Any CPU
		{4058F825-4A8E-4CBC-AD8E-E8314A059372}.Debug|Any CPU.ActiveCfg = Debug|Any CPU
		{4058F825-4A8E-4CBC-AD8E-E8314A059372}.Debug|Any CPU.Build.0 = Debug|Any CPU
		{4058F825-4A8E-4CBC-AD8E-E8314A059372}.Debug|x64.ActiveCfg = Debug|Any CPU
		{4058F825-4A8E-4CBC-AD8E-E8314A059372}.Debug|x64.Build.0 = Debug|Any CPU
		{4058F825-4A8E-4CBC-AD8E-E8314A059372}.Debug|x86.ActiveCfg = Debug|Any CPU
		{4058F825-4A8E-4CBC-AD8E-E8314A059372}.Debug|x86.Build.0 = Debug|Any CPU
		{4058F825-4A8E-4CBC-AD8E-E8314A059372}.Dev|Any CPU.ActiveCfg = Debug|Any CPU
		{4058F825-4A8E-4CBC-AD8E-E8314A059372}.Dev|Any CPU.Build.0 = Debug|Any CPU
		{4058F825-4A8E-4CBC-AD8E-E8314A059372}.Dev|x64.ActiveCfg = Debug|Any CPU
		{4058F825-4A8E-4CBC-AD8E-E8314A059372}.Dev|x64.Build.0 = Debug|Any CPU
		{4058F825-4A8E-4CBC-AD8E-E8314A059372}.Dev|x86.ActiveCfg = Debug|Any CPU
		{4058F825-4A8E-4CBC-AD8E-E8314A059372}.Dev|x86.Build.0 = Debug|Any CPU
		{4058F825-4A8E-4CBC-AD8E-E8314A059372}.Release|Any CPU.ActiveCfg = Release|Any CPU
		{4058F825-4A8E-4CBC-AD8E-E8314A059372}.Release|Any CPU.Build.0 = Release|Any CPU
		{4058F825-4A8E-4CBC-AD8E-E8314A059372}.Release|x64.ActiveCfg = Release|Any CPU
		{4058F825-4A8E-4CBC-AD8E-E8314A059372}.Release|x64.Build.0 = Release|Any CPU
		{4058F825-4A8E-4CBC-AD8E-E8314A059372}.Release|x86.ActiveCfg = Release|Any CPU
		{4058F825-4A8E-4CBC-AD8E-E8314A059372}.Release|x86.Build.0 = Release|Any CPU
		{874AB632-68EF-443E-AB6B-3539EC148CA7}.All|Any CPU.ActiveCfg = Debug|Any CPU
		{874AB632-68EF-443E-AB6B-3539EC148CA7}.All|Any CPU.Build.0 = Debug|Any CPU
		{874AB632-68EF-443E-AB6B-3539EC148CA7}.All|x64.ActiveCfg = Debug|Any CPU
		{874AB632-68EF-443E-AB6B-3539EC148CA7}.All|x64.Build.0 = Debug|Any CPU
		{874AB632-68EF-443E-AB6B-3539EC148CA7}.All|x86.ActiveCfg = Debug|Any CPU
		{874AB632-68EF-443E-AB6B-3539EC148CA7}.All|x86.Build.0 = Debug|Any CPU
		{874AB632-68EF-443E-AB6B-3539EC148CA7}.Debug|Any CPU.ActiveCfg = Debug|Any CPU
		{874AB632-68EF-443E-AB6B-3539EC148CA7}.Debug|Any CPU.Build.0 = Debug|Any CPU
		{874AB632-68EF-443E-AB6B-3539EC148CA7}.Debug|x64.ActiveCfg = Debug|Any CPU
		{874AB632-68EF-443E-AB6B-3539EC148CA7}.Debug|x64.Build.0 = Debug|Any CPU
		{874AB632-68EF-443E-AB6B-3539EC148CA7}.Debug|x86.ActiveCfg = Debug|Any CPU
		{874AB632-68EF-443E-AB6B-3539EC148CA7}.Debug|x86.Build.0 = Debug|Any CPU
		{874AB632-68EF-443E-AB6B-3539EC148CA7}.Dev|Any CPU.ActiveCfg = Debug|Any CPU
		{874AB632-68EF-443E-AB6B-3539EC148CA7}.Dev|Any CPU.Build.0 = Debug|Any CPU
		{874AB632-68EF-443E-AB6B-3539EC148CA7}.Dev|x64.ActiveCfg = Debug|Any CPU
		{874AB632-68EF-443E-AB6B-3539EC148CA7}.Dev|x64.Build.0 = Debug|Any CPU
		{874AB632-68EF-443E-AB6B-3539EC148CA7}.Dev|x86.ActiveCfg = Debug|Any CPU
		{874AB632-68EF-443E-AB6B-3539EC148CA7}.Dev|x86.Build.0 = Debug|Any CPU
		{874AB632-68EF-443E-AB6B-3539EC148CA7}.Release|Any CPU.ActiveCfg = Release|Any CPU
		{874AB632-68EF-443E-AB6B-3539EC148CA7}.Release|Any CPU.Build.0 = Release|Any CPU
		{874AB632-68EF-443E-AB6B-3539EC148CA7}.Release|x64.ActiveCfg = Release|Any CPU
		{874AB632-68EF-443E-AB6B-3539EC148CA7}.Release|x64.Build.0 = Release|Any CPU
		{874AB632-68EF-443E-AB6B-3539EC148CA7}.Release|x86.ActiveCfg = Release|Any CPU
		{874AB632-68EF-443E-AB6B-3539EC148CA7}.Release|x86.Build.0 = Release|Any CPU
		{AA97C981-EA06-4BA8-99CA-B93AADDEEF5A}.All|Any CPU.ActiveCfg = Debug|Any CPU
		{AA97C981-EA06-4BA8-99CA-B93AADDEEF5A}.All|Any CPU.Build.0 = Debug|Any CPU
		{AA97C981-EA06-4BA8-99CA-B93AADDEEF5A}.All|x64.ActiveCfg = Debug|Any CPU
		{AA97C981-EA06-4BA8-99CA-B93AADDEEF5A}.All|x64.Build.0 = Debug|Any CPU
		{AA97C981-EA06-4BA8-99CA-B93AADDEEF5A}.All|x86.ActiveCfg = Debug|Any CPU
		{AA97C981-EA06-4BA8-99CA-B93AADDEEF5A}.All|x86.Build.0 = Debug|Any CPU
		{AA97C981-EA06-4BA8-99CA-B93AADDEEF5A}.Debug|Any CPU.ActiveCfg = Debug|Any CPU
		{AA97C981-EA06-4BA8-99CA-B93AADDEEF5A}.Debug|Any CPU.Build.0 = Debug|Any CPU
		{AA97C981-EA06-4BA8-99CA-B93AADDEEF5A}.Debug|x64.ActiveCfg = Debug|Any CPU
		{AA97C981-EA06-4BA8-99CA-B93AADDEEF5A}.Debug|x64.Build.0 = Debug|Any CPU
		{AA97C981-EA06-4BA8-99CA-B93AADDEEF5A}.Debug|x86.ActiveCfg = Debug|Any CPU
		{AA97C981-EA06-4BA8-99CA-B93AADDEEF5A}.Debug|x86.Build.0 = Debug|Any CPU
		{AA97C981-EA06-4BA8-99CA-B93AADDEEF5A}.Dev|Any CPU.ActiveCfg = Debug|Any CPU
		{AA97C981-EA06-4BA8-99CA-B93AADDEEF5A}.Dev|Any CPU.Build.0 = Debug|Any CPU
		{AA97C981-EA06-4BA8-99CA-B93AADDEEF5A}.Dev|x64.ActiveCfg = Debug|Any CPU
		{AA97C981-EA06-4BA8-99CA-B93AADDEEF5A}.Dev|x64.Build.0 = Debug|Any CPU
		{AA97C981-EA06-4BA8-99CA-B93AADDEEF5A}.Dev|x86.ActiveCfg = Debug|Any CPU
		{AA97C981-EA06-4BA8-99CA-B93AADDEEF5A}.Dev|x86.Build.0 = Debug|Any CPU
		{AA97C981-EA06-4BA8-99CA-B93AADDEEF5A}.Release|Any CPU.ActiveCfg = Release|Any CPU
		{AA97C981-EA06-4BA8-99CA-B93AADDEEF5A}.Release|Any CPU.Build.0 = Release|Any CPU
		{AA97C981-EA06-4BA8-99CA-B93AADDEEF5A}.Release|x64.ActiveCfg = Release|Any CPU
		{AA97C981-EA06-4BA8-99CA-B93AADDEEF5A}.Release|x64.Build.0 = Release|Any CPU
		{AA97C981-EA06-4BA8-99CA-B93AADDEEF5A}.Release|x86.ActiveCfg = Release|Any CPU
		{AA97C981-EA06-4BA8-99CA-B93AADDEEF5A}.Release|x86.Build.0 = Release|Any CPU
		{16DC6088-D29F-4D6E-8002-72CF52D1F621}.All|Any CPU.ActiveCfg = Debug|Any CPU
		{16DC6088-D29F-4D6E-8002-72CF52D1F621}.All|Any CPU.Build.0 = Debug|Any CPU
		{16DC6088-D29F-4D6E-8002-72CF52D1F621}.All|x64.ActiveCfg = Debug|Any CPU
		{16DC6088-D29F-4D6E-8002-72CF52D1F621}.All|x64.Build.0 = Debug|Any CPU
		{16DC6088-D29F-4D6E-8002-72CF52D1F621}.All|x86.ActiveCfg = Debug|Any CPU
		{16DC6088-D29F-4D6E-8002-72CF52D1F621}.All|x86.Build.0 = Debug|Any CPU
		{16DC6088-D29F-4D6E-8002-72CF52D1F621}.Debug|Any CPU.ActiveCfg = Debug|Any CPU
		{16DC6088-D29F-4D6E-8002-72CF52D1F621}.Debug|Any CPU.Build.0 = Debug|Any CPU
		{16DC6088-D29F-4D6E-8002-72CF52D1F621}.Debug|x64.ActiveCfg = Debug|Any CPU
		{16DC6088-D29F-4D6E-8002-72CF52D1F621}.Debug|x64.Build.0 = Debug|Any CPU
		{16DC6088-D29F-4D6E-8002-72CF52D1F621}.Debug|x86.ActiveCfg = Debug|Any CPU
		{16DC6088-D29F-4D6E-8002-72CF52D1F621}.Debug|x86.Build.0 = Debug|Any CPU
		{16DC6088-D29F-4D6E-8002-72CF52D1F621}.Dev|Any CPU.ActiveCfg = Debug|Any CPU
		{16DC6088-D29F-4D6E-8002-72CF52D1F621}.Dev|Any CPU.Build.0 = Debug|Any CPU
		{16DC6088-D29F-4D6E-8002-72CF52D1F621}.Dev|x64.ActiveCfg = Debug|Any CPU
		{16DC6088-D29F-4D6E-8002-72CF52D1F621}.Dev|x64.Build.0 = Debug|Any CPU
		{16DC6088-D29F-4D6E-8002-72CF52D1F621}.Dev|x86.ActiveCfg = Debug|Any CPU
		{16DC6088-D29F-4D6E-8002-72CF52D1F621}.Dev|x86.Build.0 = Debug|Any CPU
		{16DC6088-D29F-4D6E-8002-72CF52D1F621}.Release|Any CPU.ActiveCfg = Release|Any CPU
		{16DC6088-D29F-4D6E-8002-72CF52D1F621}.Release|Any CPU.Build.0 = Release|Any CPU
		{16DC6088-D29F-4D6E-8002-72CF52D1F621}.Release|x64.ActiveCfg = Release|Any CPU
		{16DC6088-D29F-4D6E-8002-72CF52D1F621}.Release|x64.Build.0 = Release|Any CPU
		{16DC6088-D29F-4D6E-8002-72CF52D1F621}.Release|x86.ActiveCfg = Release|Any CPU
		{16DC6088-D29F-4D6E-8002-72CF52D1F621}.Release|x86.Build.0 = Release|Any CPU
		{9534049B-0A85-4DBD-BAEB-E599BF8F3261}.All|Any CPU.ActiveCfg = Debug|Any CPU
		{9534049B-0A85-4DBD-BAEB-E599BF8F3261}.All|Any CPU.Build.0 = Debug|Any CPU
		{9534049B-0A85-4DBD-BAEB-E599BF8F3261}.All|x64.ActiveCfg = Debug|Any CPU
		{9534049B-0A85-4DBD-BAEB-E599BF8F3261}.All|x64.Build.0 = Debug|Any CPU
		{9534049B-0A85-4DBD-BAEB-E599BF8F3261}.All|x86.ActiveCfg = Debug|Any CPU
		{9534049B-0A85-4DBD-BAEB-E599BF8F3261}.All|x86.Build.0 = Debug|Any CPU
		{9534049B-0A85-4DBD-BAEB-E599BF8F3261}.Debug|Any CPU.ActiveCfg = Debug|Any CPU
		{9534049B-0A85-4DBD-BAEB-E599BF8F3261}.Debug|Any CPU.Build.0 = Debug|Any CPU
		{9534049B-0A85-4DBD-BAEB-E599BF8F3261}.Debug|x64.ActiveCfg = Debug|Any CPU
		{9534049B-0A85-4DBD-BAEB-E599BF8F3261}.Debug|x64.Build.0 = Debug|Any CPU
		{9534049B-0A85-4DBD-BAEB-E599BF8F3261}.Debug|x86.ActiveCfg = Debug|Any CPU
		{9534049B-0A85-4DBD-BAEB-E599BF8F3261}.Debug|x86.Build.0 = Debug|Any CPU
		{9534049B-0A85-4DBD-BAEB-E599BF8F3261}.Dev|Any CPU.ActiveCfg = Debug|Any CPU
		{9534049B-0A85-4DBD-BAEB-E599BF8F3261}.Dev|Any CPU.Build.0 = Debug|Any CPU
		{9534049B-0A85-4DBD-BAEB-E599BF8F3261}.Dev|x64.ActiveCfg = Debug|Any CPU
		{9534049B-0A85-4DBD-BAEB-E599BF8F3261}.Dev|x64.Build.0 = Debug|Any CPU
		{9534049B-0A85-4DBD-BAEB-E599BF8F3261}.Dev|x86.ActiveCfg = Debug|Any CPU
		{9534049B-0A85-4DBD-BAEB-E599BF8F3261}.Dev|x86.Build.0 = Debug|Any CPU
		{9534049B-0A85-4DBD-BAEB-E599BF8F3261}.Release|Any CPU.ActiveCfg = Release|Any CPU
		{9534049B-0A85-4DBD-BAEB-E599BF8F3261}.Release|Any CPU.Build.0 = Release|Any CPU
		{9534049B-0A85-4DBD-BAEB-E599BF8F3261}.Release|x64.ActiveCfg = Release|Any CPU
		{9534049B-0A85-4DBD-BAEB-E599BF8F3261}.Release|x64.Build.0 = Release|Any CPU
		{9534049B-0A85-4DBD-BAEB-E599BF8F3261}.Release|x86.ActiveCfg = Release|Any CPU
		{9534049B-0A85-4DBD-BAEB-E599BF8F3261}.Release|x86.Build.0 = Release|Any CPU
	EndGlobalSection
	GlobalSection(SolutionProperties) = preSolution
		HideSolutionNode = FALSE
	EndGlobalSection
	GlobalSection(ExtensibilityGlobals) = postSolution
		SolutionGuid = {9CD0854C-BB55-4ACD-9C02-7944A982D6B9}
	EndGlobalSection
EndGlobal
